# This file is automatically @generated by Poetry 1.6.1 and should not be changed by hand.

[[package]]
name = "apache-airflow-client"
version = "2.2.0"
description = "Apache Airflow API (Stable)"
optional = false
python-versions = "~=3.6"
files = [
    {file = "apache-airflow-client-2.2.0.tar.gz", hash = "sha256:87cafe1059719e8095d31d39285383e06ba9467f9d32ce4b8d4a5e5df087b67b"},
    {file = "apache_airflow_client-2.2.0-py3-none-any.whl", hash = "sha256:1bde00b268d7dd69b847f639e77f839b15d341c1ad40837d9d8969f6f5fecf10"},
]

[package.dependencies]
python-dateutil = "*"
urllib3 = ">=1.25.3"

[[package]]
name = "appdirs"
version = "1.4.4"
description = "A small Python module for determining appropriate platform-specific dirs, e.g. a \"user data dir\"."
optional = false
python-versions = "*"
files = [
    {file = "appdirs-1.4.4-py2.py3-none-any.whl", hash = "sha256:a841dacd6b99318a741b166adb07e19ee71a274450e68237b4650ca1055ab128"},
    {file = "appdirs-1.4.4.tar.gz", hash = "sha256:7d5d0167b2b1ba821647616af46a749d1c653740dd0d2415100fe26e27afdf41"},
]

[[package]]
name = "atomicwrites"
version = "1.4.1"
description = "Atomic file writes."
optional = false
python-versions = ">=2.7, !=3.0.*, !=3.1.*, !=3.2.*, !=3.3.*"
files = [
    {file = "atomicwrites-1.4.1.tar.gz", hash = "sha256:81b2c9071a49367a7f770170e5eec8cb66567cfbbc8c73d20ce5ca4a8d71cf11"},
]

[[package]]
name = "attrs"
version = "21.4.0"
description = "Classes Without Boilerplate"
optional = false
python-versions = ">=2.7, !=3.0.*, !=3.1.*, !=3.2.*, !=3.3.*, !=3.4.*"
files = [
    {file = "attrs-21.4.0-py2.py3-none-any.whl", hash = "sha256:2d27e3784d7a565d36ab851fe94887c5eccd6a463168875832a1be79c82828b4"},
    {file = "attrs-21.4.0.tar.gz", hash = "sha256:626ba8234211db98e869df76230a137c4c40a12d72445c45d5f5b716f076e2fd"},
]

[package.extras]
dev = ["cloudpickle", "coverage[toml] (>=5.0.2)", "furo", "hypothesis", "mypy", "pre-commit", "pympler", "pytest (>=4.3.0)", "pytest-mypy-plugins", "six", "sphinx", "sphinx-notfound-page", "zope.interface"]
docs = ["furo", "sphinx", "sphinx-notfound-page", "zope.interface"]
tests = ["cloudpickle", "coverage[toml] (>=5.0.2)", "hypothesis", "mypy", "pympler", "pytest (>=4.3.0)", "pytest-mypy-plugins", "six", "zope.interface"]
tests-no-zope = ["cloudpickle", "coverage[toml] (>=5.0.2)", "hypothesis", "mypy", "pympler", "pytest (>=4.3.0)", "pytest-mypy-plugins", "six"]

[[package]]
name = "certifi"
version = "2022.12.7"
description = "Python package for providing Mozilla's CA Bundle."
optional = false
python-versions = ">=3.6"
files = [
    {file = "certifi-2022.12.7-py3-none-any.whl", hash = "sha256:4ad3232f5e926d6718ec31cfc1fcadfde020920e278684144551c91769c7bc18"},
    {file = "certifi-2022.12.7.tar.gz", hash = "sha256:35824b4c3a97115964b408844d64aa14db1cc518f6562e8d7261699d1350a9e3"},
]

[[package]]
name = "charset-normalizer"
version = "2.1.0"
description = "The Real First Universal Charset Detector. Open, modern and actively maintained alternative to Chardet."
optional = false
python-versions = ">=3.6.0"
files = [
    {file = "charset-normalizer-2.1.0.tar.gz", hash = "sha256:575e708016ff3a5e3681541cb9d79312c416835686d054a23accb873b254f413"},
    {file = "charset_normalizer-2.1.0-py3-none-any.whl", hash = "sha256:5189b6f22b01957427f35b6a08d9a0bc45b46d3788ef5a92e978433c7a35f8a5"},
]

[package.extras]
unicode-backport = ["unicodedata2"]

[[package]]
name = "click"
version = "8.1.3"
description = "Composable command line interface toolkit"
optional = false
python-versions = ">=3.7"
files = [
    {file = "click-8.1.3-py3-none-any.whl", hash = "sha256:bb4d8133cb15a609f44e8213d9b391b0809795062913b383c62be0ee95b1db48"},
    {file = "click-8.1.3.tar.gz", hash = "sha256:7682dc8afb30297001674575ea00d1814d808d6a36af415a82bd481d37ba7b8e"},
]

[package.dependencies]
colorama = {version = "*", markers = "platform_system == \"Windows\""}

[[package]]
name = "colorama"
version = "0.4.5"
description = "Cross-platform colored terminal text."
optional = false
python-versions = ">=2.7, !=3.0.*, !=3.1.*, !=3.2.*, !=3.3.*, !=3.4.*"
files = [
    {file = "colorama-0.4.5-py2.py3-none-any.whl", hash = "sha256:854bf444933e37f5824ae7bfc1e98d5bce2ebe4160d46b5edf346a89358e99da"},
    {file = "colorama-0.4.5.tar.gz", hash = "sha256:e6c6b4334fc50988a639d9b98aa429a0b57da6e17b9a44f0451f930b6967b7a4"},
]

[[package]]
name = "commonmark"
version = "0.9.1"
description = "Python parser for the CommonMark Markdown spec"
optional = false
python-versions = "*"
files = [
    {file = "commonmark-0.9.1-py2.py3-none-any.whl", hash = "sha256:da2f38c92590f83de410ba1a3cbceafbc74fee9def35f9251ba9a971d6d66fd9"},
    {file = "commonmark-0.9.1.tar.gz", hash = "sha256:452f9dc859be7f06631ddcb328b6919c67984aca654e5fefb3914d54691aed60"},
]

[package.extras]
test = ["flake8 (==3.7.8)", "hypothesis (==3.55.3)"]

[[package]]
name = "coverage"
version = "6.4.2"
description = "Code coverage measurement for Python"
optional = false
python-versions = ">=3.7"
files = [
    {file = "coverage-6.4.2-cp310-cp310-macosx_10_9_x86_64.whl", hash = "sha256:a9032f9b7d38bdf882ac9f66ebde3afb8145f0d4c24b2e600bc4c6304aafb87e"},
    {file = "coverage-6.4.2-cp310-cp310-macosx_11_0_arm64.whl", hash = "sha256:e0524adb49c716ca763dbc1d27bedce36b14f33e6b8af6dba56886476b42957c"},
    {file = "coverage-6.4.2-cp310-cp310-manylinux_2_17_aarch64.manylinux2014_aarch64.whl", hash = "sha256:d4548be38a1c810d79e097a38107b6bf2ff42151900e47d49635be69943763d8"},
    {file = "coverage-6.4.2-cp310-cp310-manylinux_2_5_i686.manylinux1_i686.manylinux_2_17_i686.manylinux2014_i686.whl", hash = "sha256:f23876b018dfa5d3e98e96f5644b109090f16a4acb22064e0f06933663005d39"},
    {file = "coverage-6.4.2-cp310-cp310-manylinux_2_5_x86_64.manylinux1_x86_64.manylinux_2_17_x86_64.manylinux2014_x86_64.whl", hash = "sha256:6fe75dcfcb889b6800f072f2af5a331342d63d0c1b3d2bf0f7b4f6c353e8c9c0"},
    {file = "coverage-6.4.2-cp310-cp310-musllinux_1_1_aarch64.whl", hash = "sha256:2f8553878a24b00d5ab04b7a92a2af50409247ca5c4b7a2bf4eabe94ed20d3ee"},
    {file = "coverage-6.4.2-cp310-cp310-musllinux_1_1_i686.whl", hash = "sha256:d774d9e97007b018a651eadc1b3970ed20237395527e22cbeb743d8e73e0563d"},
    {file = "coverage-6.4.2-cp310-cp310-musllinux_1_1_x86_64.whl", hash = "sha256:d56f105592188ce7a797b2bd94b4a8cb2e36d5d9b0d8a1d2060ff2a71e6b9bbc"},
    {file = "coverage-6.4.2-cp310-cp310-win32.whl", hash = "sha256:d230d333b0be8042ac34808ad722eabba30036232e7a6fb3e317c49f61c93386"},
    {file = "coverage-6.4.2-cp310-cp310-win_amd64.whl", hash = "sha256:5ef42e1db047ca42827a85e34abe973971c635f83aed49611b7f3ab49d0130f0"},
    {file = "coverage-6.4.2-cp37-cp37m-macosx_10_9_x86_64.whl", hash = "sha256:25b7ec944f114f70803d6529394b64f8749e93cbfac0fe6c5ea1b7e6c14e8a46"},
    {file = "coverage-6.4.2-cp37-cp37m-manylinux_2_17_aarch64.manylinux2014_aarch64.whl", hash = "sha256:7bb00521ab4f99fdce2d5c05a91bddc0280f0afaee0e0a00425e28e209d4af07"},
    {file = "coverage-6.4.2-cp37-cp37m-manylinux_2_5_i686.manylinux1_i686.manylinux_2_17_i686.manylinux2014_i686.whl", hash = "sha256:2dff52b3e7f76ada36f82124703f4953186d9029d00d6287f17c68a75e2e6039"},
    {file = "coverage-6.4.2-cp37-cp37m-manylinux_2_5_x86_64.manylinux1_x86_64.manylinux_2_17_x86_64.manylinux2014_x86_64.whl", hash = "sha256:147605e1702d996279bb3cc3b164f408698850011210d133a2cb96a73a2f7996"},
    {file = "coverage-6.4.2-cp37-cp37m-musllinux_1_1_aarch64.whl", hash = "sha256:422fa44070b42fef9fb8dabd5af03861708cdd6deb69463adc2130b7bf81332f"},
    {file = "coverage-6.4.2-cp37-cp37m-musllinux_1_1_i686.whl", hash = "sha256:8af6c26ba8df6338e57bedbf916d76bdae6308e57fc8f14397f03b5da8622b4e"},
    {file = "coverage-6.4.2-cp37-cp37m-musllinux_1_1_x86_64.whl", hash = "sha256:5336e0352c0b12c7e72727d50ff02557005f79a0b8dcad9219c7c4940a930083"},
    {file = "coverage-6.4.2-cp37-cp37m-win32.whl", hash = "sha256:0f211df2cba951ffcae210ee00e54921ab42e2b64e0bf2c0befc977377fb09b7"},
    {file = "coverage-6.4.2-cp37-cp37m-win_amd64.whl", hash = "sha256:a13772c19619118903d65a91f1d5fea84be494d12fd406d06c849b00d31bf120"},
    {file = "coverage-6.4.2-cp38-cp38-macosx_10_9_x86_64.whl", hash = "sha256:f7bd0ffbcd03dc39490a1f40b2669cc414fae0c4e16b77bb26806a4d0b7d1452"},
    {file = "coverage-6.4.2-cp38-cp38-macosx_11_0_arm64.whl", hash = "sha256:0895ea6e6f7f9939166cc835df8fa4599e2d9b759b02d1521b574e13b859ac32"},
    {file = "coverage-6.4.2-cp38-cp38-manylinux_2_17_aarch64.manylinux2014_aarch64.whl", hash = "sha256:d4e7ced84a11c10160c0697a6cc0b214a5d7ab21dfec1cd46e89fbf77cc66fae"},
    {file = "coverage-6.4.2-cp38-cp38-manylinux_2_5_i686.manylinux1_i686.manylinux_2_17_i686.manylinux2014_i686.whl", hash = "sha256:80db4a47a199c4563d4a25919ff29c97c87569130375beca3483b41ad5f698e8"},
    {file = "coverage-6.4.2-cp38-cp38-manylinux_2_5_x86_64.manylinux1_x86_64.manylinux_2_17_x86_64.manylinux2014_x86_64.whl", hash = "sha256:3def6791adf580d66f025223078dc84c64696a26f174131059ce8e91452584e1"},
    {file = "coverage-6.4.2-cp38-cp38-musllinux_1_1_aarch64.whl", hash = "sha256:4f89d8e03c8a3757aae65570d14033e8edf192ee9298303db15955cadcff0c63"},
    {file = "coverage-6.4.2-cp38-cp38-musllinux_1_1_i686.whl", hash = "sha256:6d0b48aff8e9720bdec315d67723f0babd936a7211dc5df453ddf76f89c59933"},
    {file = "coverage-6.4.2-cp38-cp38-musllinux_1_1_x86_64.whl", hash = "sha256:2b20286c2b726f94e766e86a3fddb7b7e37af5d0c635bdfa7e4399bc523563de"},
    {file = "coverage-6.4.2-cp38-cp38-win32.whl", hash = "sha256:d714af0bdba67739598849c9f18efdcc5a0412f4993914a0ec5ce0f1e864d783"},
    {file = "coverage-6.4.2-cp38-cp38-win_amd64.whl", hash = "sha256:5f65e5d3ff2d895dab76b1faca4586b970a99b5d4b24e9aafffc0ce94a6022d6"},
    {file = "coverage-6.4.2-cp39-cp39-macosx_10_9_x86_64.whl", hash = "sha256:a697977157adc052284a7160569b36a8bbec09db3c3220642e6323b47cec090f"},
    {file = "coverage-6.4.2-cp39-cp39-macosx_11_0_arm64.whl", hash = "sha256:c77943ef768276b61c96a3eb854eba55633c7a3fddf0a79f82805f232326d33f"},
    {file = "coverage-6.4.2-cp39-cp39-manylinux_2_17_aarch64.manylinux2014_aarch64.whl", hash = "sha256:54d8d0e073a7f238f0666d3c7c0d37469b2aa43311e4024c925ee14f5d5a1cbe"},
    {file = "coverage-6.4.2-cp39-cp39-manylinux_2_5_i686.manylinux1_i686.manylinux_2_17_i686.manylinux2014_i686.whl", hash = "sha256:f22325010d8824594820d6ce84fa830838f581a7fd86a9235f0d2ed6deb61e29"},
    {file = "coverage-6.4.2-cp39-cp39-manylinux_2_5_x86_64.manylinux1_x86_64.manylinux_2_17_x86_64.manylinux2014_x86_64.whl", hash = "sha256:24b04d305ea172ccb21bee5bacd559383cba2c6fcdef85b7701cf2de4188aa55"},
    {file = "coverage-6.4.2-cp39-cp39-musllinux_1_1_aarch64.whl", hash = "sha256:866ebf42b4c5dbafd64455b0a1cd5aa7b4837a894809413b930026c91e18090b"},
    {file = "coverage-6.4.2-cp39-cp39-musllinux_1_1_i686.whl", hash = "sha256:e36750fbbc422c1c46c9d13b937ab437138b998fe74a635ec88989afb57a3978"},
    {file = "coverage-6.4.2-cp39-cp39-musllinux_1_1_x86_64.whl", hash = "sha256:79419370d6a637cb18553ecb25228893966bd7935a9120fa454e7076f13b627c"},
    {file = "coverage-6.4.2-cp39-cp39-win32.whl", hash = "sha256:b5e28db9199dd3833cc8a07fa6cf429a01227b5d429facb56eccd765050c26cd"},
    {file = "coverage-6.4.2-cp39-cp39-win_amd64.whl", hash = "sha256:edfdabe7aa4f97ed2b9dd5dde52d2bb29cb466993bb9d612ddd10d0085a683cf"},
    {file = "coverage-6.4.2-pp36.pp37.pp38-none-any.whl", hash = "sha256:e2618cb2cf5a7cc8d698306e42ebcacd02fb7ef8cfc18485c59394152c70be97"},
    {file = "coverage-6.4.2.tar.gz", hash = "sha256:6c3ccfe89c36f3e5b9837b9ee507472310164f352c9fe332120b764c9d60adbe"},
]

[package.dependencies]
tomli = {version = "*", optional = true, markers = "python_full_version <= \"3.11.0a6\" and extra == \"toml\""}

[package.extras]
toml = ["tomli"]

[[package]]
name = "diagrams"
version = "0.21.1"
description = "Diagram as Code"
optional = false
python-versions = ">=3.6,<4.0"
files = [
    {file = "diagrams-0.21.1-py3-none-any.whl", hash = "sha256:1d0fea187ed76136dadccf943da914dd9974ebdd3cbb993f4283ec8f51cf90f2"},
    {file = "diagrams-0.21.1.tar.gz", hash = "sha256:732caa4e61113a06b9a80965be6171c4c5858f3570b5b1f5ba52304a6eeade60"},
]

[package.dependencies]
graphviz = ">=0.13.2,<0.20.0"
jinja2 = ">=2.10,<4.0"

[[package]]
name = "fs"
version = "2.4.16"
description = "Python's filesystem abstraction layer"
optional = false
python-versions = "*"
files = [
    {file = "fs-2.4.16-py2.py3-none-any.whl", hash = "sha256:660064febbccda264ae0b6bace80a8d1be9e089e0a5eb2427b7d517f9a91545c"},
    {file = "fs-2.4.16.tar.gz", hash = "sha256:ae97c7d51213f4b70b6a958292530289090de3a7e15841e108fbe144f069d313"},
]

[package.dependencies]
appdirs = ">=1.4.3,<1.5.0"
setuptools = "*"
six = ">=1.10,<2.0"

[package.extras]
scandir = ["scandir (>=1.5,<2.0)"]

[[package]]
name = "graphviz"
version = "0.19.2"
description = "Simple Python interface for Graphviz"
optional = false
python-versions = ">=3.7"
files = [
    {file = "graphviz-0.19.2-py3-none-any.whl", hash = "sha256:c0a6ac9fadaa308c4ab0d526749c6e127425ec5a76644bbb03e2e04b19a9da9f"},
    {file = "graphviz-0.19.2.zip", hash = "sha256:7c90cebc147c18bcdffcd3c76db58cbface5d45fe0247a2f3bfb144d32a8c77c"},
]

[package.extras]
dev = ["flake8", "pep8-naming", "tox (>=3)", "twine", "wheel"]
docs = ["sphinx (>=1.8)", "sphinx-autodoc-typehints", "sphinx-rtd-theme"]
test = ["coverage", "mock (>=4)", "pytest (>=6)", "pytest-cov", "pytest-mock (>=3)"]

[[package]]
name = "idna"
version = "3.3"
description = "Internationalized Domain Names in Applications (IDNA)"
optional = false
python-versions = ">=3.5"
files = [
    {file = "idna-3.3-py3-none-any.whl", hash = "sha256:84d9dd047ffa80596e0f246e2eab0b391788b0503584e8945f2368256d2735ff"},
    {file = "idna-3.3.tar.gz", hash = "sha256:9d643ff0a55b762d5cdb124b8eaa99c66322e2157b69160bc32796e824360e6d"},
]

[[package]]
name = "iniconfig"
version = "1.1.1"
description = "iniconfig: brain-dead simple config-ini parsing"
optional = false
python-versions = "*"
files = [
    {file = "iniconfig-1.1.1-py2.py3-none-any.whl", hash = "sha256:011e24c64b7f47f6ebd835bb12a743f2fbe9a26d4cecaa7f53bc4f35ee9da8b3"},
    {file = "iniconfig-1.1.1.tar.gz", hash = "sha256:bc3af051d7d14b2ee5ef9969666def0cd1a000e121eaea580d4a313df4b37f32"},
]

[[package]]
name = "jinja2"
version = "3.1.2"
description = "A very fast and expressive template engine."
optional = false
python-versions = ">=3.7"
files = [
    {file = "Jinja2-3.1.2-py3-none-any.whl", hash = "sha256:6088930bfe239f0e6710546ab9c19c9ef35e29792895fed6e6e31a023a182a61"},
    {file = "Jinja2-3.1.2.tar.gz", hash = "sha256:31351a702a408a9e7595a8fc6150fc3f43bb6bf7e319770cbc0db9df9437e852"},
]

[package.dependencies]
MarkupSafe = ">=2.0"

[package.extras]
i18n = ["Babel (>=2.7)"]

[[package]]
name = "markupsafe"
version = "2.1.1"
description = "Safely add untrusted strings to HTML/XML markup."
optional = false
python-versions = ">=3.7"
files = [
    {file = "MarkupSafe-2.1.1-cp310-cp310-macosx_10_9_universal2.whl", hash = "sha256:86b1f75c4e7c2ac2ccdaec2b9022845dbb81880ca318bb7a0a01fbf7813e3812"},
    {file = "MarkupSafe-2.1.1-cp310-cp310-macosx_10_9_x86_64.whl", hash = "sha256:f121a1420d4e173a5d96e47e9a0c0dcff965afdf1626d28de1460815f7c4ee7a"},
    {file = "MarkupSafe-2.1.1-cp310-cp310-manylinux_2_17_aarch64.manylinux2014_aarch64.whl", hash = "sha256:a49907dd8420c5685cfa064a1335b6754b74541bbb3706c259c02ed65b644b3e"},
    {file = "MarkupSafe-2.1.1-cp310-cp310-manylinux_2_17_x86_64.manylinux2014_x86_64.whl", hash = "sha256:10c1bfff05d95783da83491be968e8fe789263689c02724e0c691933c52994f5"},
    {file = "MarkupSafe-2.1.1-cp310-cp310-manylinux_2_5_i686.manylinux1_i686.manylinux_2_17_i686.manylinux2014_i686.whl", hash = "sha256:b7bd98b796e2b6553da7225aeb61f447f80a1ca64f41d83612e6139ca5213aa4"},
    {file = "MarkupSafe-2.1.1-cp310-cp310-musllinux_1_1_aarch64.whl", hash = "sha256:b09bf97215625a311f669476f44b8b318b075847b49316d3e28c08e41a7a573f"},
    {file = "MarkupSafe-2.1.1-cp310-cp310-musllinux_1_1_i686.whl", hash = "sha256:694deca8d702d5db21ec83983ce0bb4b26a578e71fbdbd4fdcd387daa90e4d5e"},
    {file = "MarkupSafe-2.1.1-cp310-cp310-musllinux_1_1_x86_64.whl", hash = "sha256:efc1913fd2ca4f334418481c7e595c00aad186563bbc1ec76067848c7ca0a933"},
    {file = "MarkupSafe-2.1.1-cp310-cp310-win32.whl", hash = "sha256:4a33dea2b688b3190ee12bd7cfa29d39c9ed176bda40bfa11099a3ce5d3a7ac6"},
    {file = "MarkupSafe-2.1.1-cp310-cp310-win_amd64.whl", hash = "sha256:dda30ba7e87fbbb7eab1ec9f58678558fd9a6b8b853530e176eabd064da81417"},
    {file = "MarkupSafe-2.1.1-cp37-cp37m-macosx_10_9_x86_64.whl", hash = "sha256:671cd1187ed5e62818414afe79ed29da836dde67166a9fac6d435873c44fdd02"},
    {file = "MarkupSafe-2.1.1-cp37-cp37m-manylinux_2_17_aarch64.manylinux2014_aarch64.whl", hash = "sha256:3799351e2336dc91ea70b034983ee71cf2f9533cdff7c14c90ea126bfd95d65a"},
    {file = "MarkupSafe-2.1.1-cp37-cp37m-manylinux_2_17_x86_64.manylinux2014_x86_64.whl", hash = "sha256:e72591e9ecd94d7feb70c1cbd7be7b3ebea3f548870aa91e2732960fa4d57a37"},
    {file = "MarkupSafe-2.1.1-cp37-cp37m-manylinux_2_5_i686.manylinux1_i686.manylinux_2_17_i686.manylinux2014_i686.whl", hash = "sha256:6fbf47b5d3728c6aea2abb0589b5d30459e369baa772e0f37a0320185e87c980"},
    {file = "MarkupSafe-2.1.1-cp37-cp37m-musllinux_1_1_aarch64.whl", hash = "sha256:d5ee4f386140395a2c818d149221149c54849dfcfcb9f1debfe07a8b8bd63f9a"},
    {file = "MarkupSafe-2.1.1-cp37-cp37m-musllinux_1_1_i686.whl", hash = "sha256:bcb3ed405ed3222f9904899563d6fc492ff75cce56cba05e32eff40e6acbeaa3"},
    {file = "MarkupSafe-2.1.1-cp37-cp37m-musllinux_1_1_x86_64.whl", hash = "sha256:e1c0b87e09fa55a220f058d1d49d3fb8df88fbfab58558f1198e08c1e1de842a"},
    {file = "MarkupSafe-2.1.1-cp37-cp37m-win32.whl", hash = "sha256:8dc1c72a69aa7e082593c4a203dcf94ddb74bb5c8a731e4e1eb68d031e8498ff"},
    {file = "MarkupSafe-2.1.1-cp37-cp37m-win_amd64.whl", hash = "sha256:97a68e6ada378df82bc9f16b800ab77cbf4b2fada0081794318520138c088e4a"},
    {file = "MarkupSafe-2.1.1-cp38-cp38-macosx_10_9_universal2.whl", hash = "sha256:e8c843bbcda3a2f1e3c2ab25913c80a3c5376cd00c6e8c4a86a89a28c8dc5452"},
    {file = "MarkupSafe-2.1.1-cp38-cp38-macosx_10_9_x86_64.whl", hash = "sha256:0212a68688482dc52b2d45013df70d169f542b7394fc744c02a57374a4207003"},
    {file = "MarkupSafe-2.1.1-cp38-cp38-manylinux_2_17_aarch64.manylinux2014_aarch64.whl", hash = "sha256:8e576a51ad59e4bfaac456023a78f6b5e6e7651dcd383bcc3e18d06f9b55d6d1"},
    {file = "MarkupSafe-2.1.1-cp38-cp38-manylinux_2_17_x86_64.manylinux2014_x86_64.whl", hash = "sha256:4b9fe39a2ccc108a4accc2676e77da025ce383c108593d65cc909add5c3bd601"},
    {file = "MarkupSafe-2.1.1-cp38-cp38-manylinux_2_5_i686.manylinux1_i686.manylinux_2_17_i686.manylinux2014_i686.whl", hash = "sha256:96e37a3dc86e80bf81758c152fe66dbf60ed5eca3d26305edf01892257049925"},
    {file = "MarkupSafe-2.1.1-cp38-cp38-musllinux_1_1_aarch64.whl", hash = "sha256:6d0072fea50feec76a4c418096652f2c3238eaa014b2f94aeb1d56a66b41403f"},
    {file = "MarkupSafe-2.1.1-cp38-cp38-musllinux_1_1_i686.whl", hash = "sha256:089cf3dbf0cd6c100f02945abeb18484bd1ee57a079aefd52cffd17fba910b88"},
    {file = "MarkupSafe-2.1.1-cp38-cp38-musllinux_1_1_x86_64.whl", hash = "sha256:6a074d34ee7a5ce3effbc526b7083ec9731bb3cbf921bbe1d3005d4d2bdb3a63"},
    {file = "MarkupSafe-2.1.1-cp38-cp38-win32.whl", hash = "sha256:421be9fbf0ffe9ffd7a378aafebbf6f4602d564d34be190fc19a193232fd12b1"},
    {file = "MarkupSafe-2.1.1-cp38-cp38-win_amd64.whl", hash = "sha256:fc7b548b17d238737688817ab67deebb30e8073c95749d55538ed473130ec0c7"},
    {file = "MarkupSafe-2.1.1-cp39-cp39-macosx_10_9_universal2.whl", hash = "sha256:e04e26803c9c3851c931eac40c695602c6295b8d432cbe78609649ad9bd2da8a"},
    {file = "MarkupSafe-2.1.1-cp39-cp39-macosx_10_9_x86_64.whl", hash = "sha256:b87db4360013327109564f0e591bd2a3b318547bcef31b468a92ee504d07ae4f"},
    {file = "MarkupSafe-2.1.1-cp39-cp39-manylinux_2_17_aarch64.manylinux2014_aarch64.whl", hash = "sha256:99a2a507ed3ac881b975a2976d59f38c19386d128e7a9a18b7df6fff1fd4c1d6"},
    {file = "MarkupSafe-2.1.1-cp39-cp39-manylinux_2_17_x86_64.manylinux2014_x86_64.whl", hash = "sha256:56442863ed2b06d19c37f94d999035e15ee982988920e12a5b4ba29b62ad1f77"},
    {file = "MarkupSafe-2.1.1-cp39-cp39-manylinux_2_5_i686.manylinux1_i686.manylinux_2_17_i686.manylinux2014_i686.whl", hash = "sha256:3ce11ee3f23f79dbd06fb3d63e2f6af7b12db1d46932fe7bd8afa259a5996603"},
    {file = "MarkupSafe-2.1.1-cp39-cp39-musllinux_1_1_aarch64.whl", hash = "sha256:33b74d289bd2f5e527beadcaa3f401e0df0a89927c1559c8566c066fa4248ab7"},
    {file = "MarkupSafe-2.1.1-cp39-cp39-musllinux_1_1_i686.whl", hash = "sha256:43093fb83d8343aac0b1baa75516da6092f58f41200907ef92448ecab8825135"},
    {file = "MarkupSafe-2.1.1-cp39-cp39-musllinux_1_1_x86_64.whl", hash = "sha256:8e3dcf21f367459434c18e71b2a9532d96547aef8a871872a5bd69a715c15f96"},
    {file = "MarkupSafe-2.1.1-cp39-cp39-win32.whl", hash = "sha256:d4306c36ca495956b6d568d276ac11fdd9c30a36f1b6eb928070dc5360b22e1c"},
    {file = "MarkupSafe-2.1.1-cp39-cp39-win_amd64.whl", hash = "sha256:46d00d6cfecdde84d40e572d63735ef81423ad31184100411e6e3388d405e247"},
    {file = "MarkupSafe-2.1.1.tar.gz", hash = "sha256:7f91197cc9e48f989d12e4e6fbc46495c446636dfc81b9ccf50bb0ec74b91d4b"},
]

[[package]]
name = "networkx"
version = "2.8.4"
description = "Python package for creating and manipulating graphs and networks"
optional = false
python-versions = ">=3.8"
files = [
    {file = "networkx-2.8.4-py3-none-any.whl", hash = "sha256:6933b9b3174a0bdf03c911bb4a1ee43a86ce3edeb813e37e1d4c553b3f4a2c4f"},
    {file = "networkx-2.8.4.tar.gz", hash = "sha256:5e53f027c0d567cf1f884dbb283224df525644e43afd1145d64c9d88a3584762"},
]

[package.extras]
default = ["matplotlib (>=3.4)", "numpy (>=1.19)", "pandas (>=1.3)", "scipy (>=1.8)"]
developer = ["mypy (>=0.960)", "pre-commit (>=2.19)"]
doc = ["nb2plots (>=0.6)", "numpydoc (>=1.4)", "pillow (>=9.1)", "pydata-sphinx-theme (>=0.9)", "sphinx (>=5)", "sphinx-gallery (>=0.10)", "texext (>=0.6.6)"]
extra = ["lxml (>=4.6)", "pydot (>=1.4.2)", "pygraphviz (>=1.9)", "sympy (>=1.10)"]
test = ["codecov (>=2.1)", "pytest (>=7.1)", "pytest-cov (>=3.0)"]

[[package]]
name = "packaging"
version = "21.3"
description = "Core utilities for Python packages"
optional = false
python-versions = ">=3.6"
files = [
    {file = "packaging-21.3-py3-none-any.whl", hash = "sha256:ef103e05f519cdc783ae24ea4e2e0f508a9c99b2d4969652eed6a2e1ea5bd522"},
    {file = "packaging-21.3.tar.gz", hash = "sha256:dd47c42927d89ab911e606518907cc2d3a1f38bbd026385970643f9c5b8ecfeb"},
]

[package.dependencies]
pyparsing = ">=2.0.2,<3.0.5 || >3.0.5"

[[package]]
name = "pluggy"
version = "1.0.0"
description = "plugin and hook calling mechanisms for python"
optional = false
python-versions = ">=3.6"
files = [
    {file = "pluggy-1.0.0-py2.py3-none-any.whl", hash = "sha256:74134bbf457f031a36d68416e1509f34bd5ccc019f0bcc952c7b909d06b37bd3"},
    {file = "pluggy-1.0.0.tar.gz", hash = "sha256:4224373bacce55f955a878bf9cfa763c1e360858e330072059e10bad68531159"},
]

[package.extras]
dev = ["pre-commit", "tox"]
testing = ["pytest", "pytest-benchmark"]

[[package]]
name = "py"
version = "1.11.0"
description = "library with cross-python path, ini-parsing, io, code, log facilities"
optional = false
python-versions = ">=2.7, !=3.0.*, !=3.1.*, !=3.2.*, !=3.3.*, !=3.4.*"
files = [
    {file = "py-1.11.0-py2.py3-none-any.whl", hash = "sha256:607c53218732647dff4acdfcd50cb62615cedf612e72d1724fb1a0cc6405b378"},
    {file = "py-1.11.0.tar.gz", hash = "sha256:51c75c4126074b472f746a24399ad32f6053d1b34b68d2fa41e558e6f4a98719"},
]

[[package]]
name = "pygments"
version = "2.15.0"
description = "Pygments is a syntax highlighting package written in Python."
optional = false
python-versions = ">=3.7"
files = [
    {file = "Pygments-2.15.0-py3-none-any.whl", hash = "sha256:77a3299119af881904cd5ecd1ac6a66214b6e9bed1f2db16993b54adede64094"},
    {file = "Pygments-2.15.0.tar.gz", hash = "sha256:f7e36cffc4c517fbc252861b9a6e4644ca0e5abadf9a113c72d1358ad09b9500"},
]

[package.extras]
plugins = ["importlib-metadata"]

[[package]]
name = "pyparsing"
version = "3.0.9"
description = "pyparsing module - Classes and methods to define and execute parsing grammars"
optional = false
python-versions = ">=3.6.8"
files = [
    {file = "pyparsing-3.0.9-py3-none-any.whl", hash = "sha256:5026bae9a10eeaefb61dab2f09052b9f4307d44aee4eda64b309723d8d206bbc"},
    {file = "pyparsing-3.0.9.tar.gz", hash = "sha256:2b020ecf7d21b687f219b71ecad3631f644a47f01403fa1d1036b0c6416d70fb"},
]

[package.extras]
diagrams = ["jinja2", "railroad-diagrams"]

[[package]]
name = "pytest"
version = "6.2.5"
description = "pytest: simple powerful testing with Python"
optional = false
python-versions = ">=3.6"
files = [
    {file = "pytest-6.2.5-py3-none-any.whl", hash = "sha256:7310f8d27bc79ced999e760ca304d69f6ba6c6649c0b60fb0e04a4a77cacc134"},
    {file = "pytest-6.2.5.tar.gz", hash = "sha256:131b36680866a76e6781d13f101efb86cf674ebb9762eb70d3082b6f29889e89"},
]

[package.dependencies]
atomicwrites = {version = ">=1.0", markers = "sys_platform == \"win32\""}
attrs = ">=19.2.0"
colorama = {version = "*", markers = "sys_platform == \"win32\""}
iniconfig = "*"
packaging = "*"
pluggy = ">=0.12,<2.0"
py = ">=1.8.2"
toml = "*"

[package.extras]
testing = ["argcomplete", "hypothesis (>=3.56)", "mock", "nose", "requests", "xmlschema"]

[[package]]
name = "pytest-cov"
version = "3.0.0"
description = "Pytest plugin for measuring coverage."
optional = false
python-versions = ">=3.6"
files = [
    {file = "pytest-cov-3.0.0.tar.gz", hash = "sha256:e7f0f5b1617d2210a2cabc266dfe2f4c75a8d32fb89eafb7ad9d06f6d076d470"},
    {file = "pytest_cov-3.0.0-py3-none-any.whl", hash = "sha256:578d5d15ac4a25e5f961c938b85a05b09fdaae9deef3bb6de9a6e766622ca7a6"},
]

[package.dependencies]
coverage = {version = ">=5.2.1", extras = ["toml"]}
pytest = ">=4.6"

[package.extras]
testing = ["fields", "hunter", "process-tests", "pytest-xdist", "six", "virtualenv"]

[[package]]
name = "pytest-mock"
version = "3.8.2"
description = "Thin-wrapper around the mock package for easier use with pytest"
optional = false
python-versions = ">=3.7"
files = [
    {file = "pytest-mock-3.8.2.tar.gz", hash = "sha256:77f03f4554392558700295e05aed0b1096a20d4a60a4f3ddcde58b0c31c8fca2"},
    {file = "pytest_mock-3.8.2-py3-none-any.whl", hash = "sha256:8a9e226d6c0ef09fcf20c94eb3405c388af438a90f3e39687f84166da82d5948"},
]

[package.dependencies]
pytest = ">=5.0"

[package.extras]
dev = ["pre-commit", "pytest-asyncio", "tox"]

[[package]]
name = "pytest-order"
version = "1.0.1"
description = "pytest plugin to run your tests in a specific order"
optional = false
python-versions = ">=3.6"
files = [
    {file = "pytest-order-1.0.1.tar.gz", hash = "sha256:5dd6b929fbd7eaa6d0ee07586f65c623babb0afe72b4843c5f15055d6b3b1b1f"},
    {file = "pytest_order-1.0.1-py3-none-any.whl", hash = "sha256:bbe6e63a8e23741ab3e810d458d1ea7317e797b70f9550512d77d6e9e8fd1bbb"},
]

[package.dependencies]
pytest = [
    {version = ">=5.0", markers = "python_version < \"3.10\""},
    {version = ">=6.2.4", markers = "python_version >= \"3.10\""},
]

[[package]]
name = "python-dateutil"
version = "2.8.2"
description = "Extensions to the standard Python datetime module"
optional = false
python-versions = "!=3.0.*,!=3.1.*,!=3.2.*,>=2.7"
files = [
    {file = "python-dateutil-2.8.2.tar.gz", hash = "sha256:0123cacc1627ae19ddf3c27a5de5bd67ee4586fbdd6440d9748f8abb483d3e86"},
    {file = "python_dateutil-2.8.2-py2.py3-none-any.whl", hash = "sha256:961d03dc3453ebbc59dbdea9e4e11c5651520a876d0f4db161e8674aae935da9"},
]

[package.dependencies]
six = ">=1.5"

[[package]]
name = "python-levenshtein"
version = "0.12.2"
description = "Python extension for computing string edit distances and similarities."
optional = false
python-versions = "*"
files = [
    {file = "python-Levenshtein-0.12.2.tar.gz", hash = "sha256:dc2395fbd148a1ab31090dd113c366695934b9e85fe5a4b2a032745efd0346f6"},
]

[package.dependencies]
setuptools = "*"

[[package]]
name = "pyyaml"
version = "6.0"
description = "YAML parser and emitter for Python"
optional = false
python-versions = ">=3.6"
files = [
    {file = "PyYAML-6.0-cp310-cp310-macosx_10_9_x86_64.whl", hash = "sha256:d4db7c7aef085872ef65a8fd7d6d09a14ae91f691dec3e87ee5ee0539d516f53"},
    {file = "PyYAML-6.0-cp310-cp310-macosx_11_0_arm64.whl", hash = "sha256:9df7ed3b3d2e0ecfe09e14741b857df43adb5a3ddadc919a2d94fbdf78fea53c"},
    {file = "PyYAML-6.0-cp310-cp310-manylinux_2_17_aarch64.manylinux2014_aarch64.whl", hash = "sha256:77f396e6ef4c73fdc33a9157446466f1cff553d979bd00ecb64385760c6babdc"},
    {file = "PyYAML-6.0-cp310-cp310-manylinux_2_17_s390x.manylinux2014_s390x.whl", hash = "sha256:a80a78046a72361de73f8f395f1f1e49f956c6be882eed58505a15f3e430962b"},
    {file = "PyYAML-6.0-cp310-cp310-manylinux_2_5_x86_64.manylinux1_x86_64.manylinux_2_12_x86_64.manylinux2010_x86_64.whl", hash = "sha256:f84fbc98b019fef2ee9a1cb3ce93e3187a6df0b2538a651bfb890254ba9f90b5"},
    {file = "PyYAML-6.0-cp310-cp310-win32.whl", hash = "sha256:2cd5df3de48857ed0544b34e2d40e9fac445930039f3cfe4bcc592a1f836d513"},
    {file = "PyYAML-6.0-cp310-cp310-win_amd64.whl", hash = "sha256:daf496c58a8c52083df09b80c860005194014c3698698d1a57cbcfa182142a3a"},
    {file = "PyYAML-6.0-cp311-cp311-macosx_10_9_x86_64.whl", hash = "sha256:d4b0ba9512519522b118090257be113b9468d804b19d63c71dbcf4a48fa32358"},
    {file = "PyYAML-6.0-cp311-cp311-macosx_11_0_arm64.whl", hash = "sha256:81957921f441d50af23654aa6c5e5eaf9b06aba7f0a19c18a538dc7ef291c5a1"},
    {file = "PyYAML-6.0-cp311-cp311-manylinux_2_17_aarch64.manylinux2014_aarch64.whl", hash = "sha256:afa17f5bc4d1b10afd4466fd3a44dc0e245382deca5b3c353d8b757f9e3ecb8d"},
    {file = "PyYAML-6.0-cp311-cp311-manylinux_2_17_s390x.manylinux2014_s390x.whl", hash = "sha256:dbad0e9d368bb989f4515da330b88a057617d16b6a8245084f1b05400f24609f"},
    {file = "PyYAML-6.0-cp311-cp311-manylinux_2_17_x86_64.manylinux2014_x86_64.whl", hash = "sha256:432557aa2c09802be39460360ddffd48156e30721f5e8d917f01d31694216782"},
    {file = "PyYAML-6.0-cp311-cp311-win32.whl", hash = "sha256:bfaef573a63ba8923503d27530362590ff4f576c626d86a9fed95822a8255fd7"},
    {file = "PyYAML-6.0-cp311-cp311-win_amd64.whl", hash = "sha256:01b45c0191e6d66c470b6cf1b9531a771a83c1c4208272ead47a3ae4f2f603bf"},
    {file = "PyYAML-6.0-cp36-cp36m-macosx_10_9_x86_64.whl", hash = "sha256:897b80890765f037df3403d22bab41627ca8811ae55e9a722fd0392850ec4d86"},
    {file = "PyYAML-6.0-cp36-cp36m-manylinux_2_17_aarch64.manylinux2014_aarch64.whl", hash = "sha256:50602afada6d6cbfad699b0c7bb50d5ccffa7e46a3d738092afddc1f9758427f"},
    {file = "PyYAML-6.0-cp36-cp36m-manylinux_2_17_s390x.manylinux2014_s390x.whl", hash = "sha256:48c346915c114f5fdb3ead70312bd042a953a8ce5c7106d5bfb1a5254e47da92"},
    {file = "PyYAML-6.0-cp36-cp36m-manylinux_2_5_x86_64.manylinux1_x86_64.manylinux_2_12_x86_64.manylinux2010_x86_64.whl", hash = "sha256:98c4d36e99714e55cfbaaee6dd5badbc9a1ec339ebfc3b1f52e293aee6bb71a4"},
    {file = "PyYAML-6.0-cp36-cp36m-win32.whl", hash = "sha256:0283c35a6a9fbf047493e3a0ce8d79ef5030852c51e9d911a27badfde0605293"},
    {file = "PyYAML-6.0-cp36-cp36m-win_amd64.whl", hash = "sha256:07751360502caac1c067a8132d150cf3d61339af5691fe9e87803040dbc5db57"},
    {file = "PyYAML-6.0-cp37-cp37m-macosx_10_9_x86_64.whl", hash = "sha256:819b3830a1543db06c4d4b865e70ded25be52a2e0631ccd2f6a47a2822f2fd7c"},
    {file = "PyYAML-6.0-cp37-cp37m-manylinux_2_17_aarch64.manylinux2014_aarch64.whl", hash = "sha256:473f9edb243cb1935ab5a084eb238d842fb8f404ed2193a915d1784b5a6b5fc0"},
    {file = "PyYAML-6.0-cp37-cp37m-manylinux_2_17_s390x.manylinux2014_s390x.whl", hash = "sha256:0ce82d761c532fe4ec3f87fc45688bdd3a4c1dc5e0b4a19814b9009a29baefd4"},
    {file = "PyYAML-6.0-cp37-cp37m-manylinux_2_5_x86_64.manylinux1_x86_64.manylinux_2_12_x86_64.manylinux2010_x86_64.whl", hash = "sha256:231710d57adfd809ef5d34183b8ed1eeae3f76459c18fb4a0b373ad56bedcdd9"},
    {file = "PyYAML-6.0-cp37-cp37m-win32.whl", hash = "sha256:c5687b8d43cf58545ade1fe3e055f70eac7a5a1a0bf42824308d868289a95737"},
    {file = "PyYAML-6.0-cp37-cp37m-win_amd64.whl", hash = "sha256:d15a181d1ecd0d4270dc32edb46f7cb7733c7c508857278d3d378d14d606db2d"},
    {file = "PyYAML-6.0-cp38-cp38-macosx_10_9_x86_64.whl", hash = "sha256:0b4624f379dab24d3725ffde76559cff63d9ec94e1736b556dacdfebe5ab6d4b"},
    {file = "PyYAML-6.0-cp38-cp38-manylinux_2_17_aarch64.manylinux2014_aarch64.whl", hash = "sha256:213c60cd50106436cc818accf5baa1aba61c0189ff610f64f4a3e8c6726218ba"},
    {file = "PyYAML-6.0-cp38-cp38-manylinux_2_17_s390x.manylinux2014_s390x.whl", hash = "sha256:9fa600030013c4de8165339db93d182b9431076eb98eb40ee068700c9c813e34"},
    {file = "PyYAML-6.0-cp38-cp38-manylinux_2_5_x86_64.manylinux1_x86_64.manylinux_2_12_x86_64.manylinux2010_x86_64.whl", hash = "sha256:277a0ef2981ca40581a47093e9e2d13b3f1fbbeffae064c1d21bfceba2030287"},
    {file = "PyYAML-6.0-cp38-cp38-win32.whl", hash = "sha256:d4eccecf9adf6fbcc6861a38015c2a64f38b9d94838ac1810a9023a0609e1b78"},
    {file = "PyYAML-6.0-cp38-cp38-win_amd64.whl", hash = "sha256:1e4747bc279b4f613a09eb64bba2ba602d8a6664c6ce6396a4d0cd413a50ce07"},
    {file = "PyYAML-6.0-cp39-cp39-macosx_10_9_x86_64.whl", hash = "sha256:055d937d65826939cb044fc8c9b08889e8c743fdc6a32b33e2390f66013e449b"},
    {file = "PyYAML-6.0-cp39-cp39-macosx_11_0_arm64.whl", hash = "sha256:e61ceaab6f49fb8bdfaa0f92c4b57bcfbea54c09277b1b4f7ac376bfb7a7c174"},
    {file = "PyYAML-6.0-cp39-cp39-manylinux_2_17_aarch64.manylinux2014_aarch64.whl", hash = "sha256:d67d839ede4ed1b28a4e8909735fc992a923cdb84e618544973d7dfc71540803"},
    {file = "PyYAML-6.0-cp39-cp39-manylinux_2_17_s390x.manylinux2014_s390x.whl", hash = "sha256:cba8c411ef271aa037d7357a2bc8f9ee8b58b9965831d9e51baf703280dc73d3"},
    {file = "PyYAML-6.0-cp39-cp39-manylinux_2_5_x86_64.manylinux1_x86_64.manylinux_2_12_x86_64.manylinux2010_x86_64.whl", hash = "sha256:40527857252b61eacd1d9af500c3337ba8deb8fc298940291486c465c8b46ec0"},
    {file = "PyYAML-6.0-cp39-cp39-win32.whl", hash = "sha256:b5b9eccad747aabaaffbc6064800670f0c297e52c12754eb1d976c57e4f74dcb"},
    {file = "PyYAML-6.0-cp39-cp39-win_amd64.whl", hash = "sha256:b3d267842bf12586ba6c734f89d1f5b871df0273157918b0ccefa29deb05c21c"},
    {file = "PyYAML-6.0.tar.gz", hash = "sha256:68fb519c14306fec9720a2a5b45bc9f0c8d1b9c72adf45c37baedfcd949c35a2"},
]

[[package]]
name = "requests"
version = "2.31.0"
description = "Python HTTP for Humans."
optional = false
python-versions = ">=3.7"
files = [
    {file = "requests-2.31.0-py3-none-any.whl", hash = "sha256:58cd2187c01e70e6e26505bca751777aa9f2ee0b7f4300988b709f44e013003f"},
    {file = "requests-2.31.0.tar.gz", hash = "sha256:942c5a758f98d790eaed1a29cb6eefc7ffb0d1cf7af05c3d2791656dbd6ad1e1"},
]

[package.dependencies]
certifi = ">=2017.4.17"
charset-normalizer = ">=2,<4"
idna = ">=2.5,<4"
urllib3 = ">=1.21.1,<3"

[package.extras]
socks = ["PySocks (>=1.5.6,!=1.5.7)"]
use-chardet-on-py3 = ["chardet (>=3.0.2,<6)"]

[[package]]
name = "rich"
version = "12.5.1"
description = "Render rich text, tables, progress bars, syntax highlighting, markdown and more to the terminal"
optional = false
python-versions = ">=3.6.3,<4.0.0"
files = [
    {file = "rich-12.5.1-py3-none-any.whl", hash = "sha256:2eb4e6894cde1e017976d2975ac210ef515d7548bc595ba20e195fb9628acdeb"},
    {file = "rich-12.5.1.tar.gz", hash = "sha256:63a5c5ce3673d3d5fbbf23cd87e11ab84b6b451436f1b7f19ec54b6bc36ed7ca"},
]

[package.dependencies]
commonmark = ">=0.9.0,<0.10.0"
pygments = ">=2.6.0,<3.0.0"

[package.extras]
jupyter = ["ipywidgets (>=7.5.1,<8.0.0)"]

[[package]]
name = "setuptools"
version = "65.6.3"
description = "Easily download, build, install, upgrade, and uninstall Python packages"
optional = false
python-versions = ">=3.7"
files = [
    {file = "setuptools-65.6.3-py3-none-any.whl", hash = "sha256:57f6f22bde4e042978bcd50176fdb381d7c21a9efa4041202288d3737a0c6a54"},
    {file = "setuptools-65.6.3.tar.gz", hash = "sha256:a7620757bf984b58deaf32fc8a4577a9bbc0850cf92c20e1ce41c38c19e5fb75"},
]

[package.extras]
docs = ["furo", "jaraco.packaging (>=9)", "jaraco.tidelift (>=1.4)", "pygments-github-lexers (==0.0.5)", "rst.linker (>=1.9)", "sphinx (>=3.5)", "sphinx-favicon", "sphinx-hoverxref (<2)", "sphinx-inline-tabs", "sphinx-notfound-page (==0.8.3)", "sphinx-reredirects", "sphinxcontrib-towncrier"]
testing = ["build[virtualenv]", "filelock (>=3.4.0)", "flake8 (<5)", "flake8-2020", "ini2toml[lite] (>=0.9)", "jaraco.envs (>=2.2)", "jaraco.path (>=3.2.0)", "pip (>=19.1)", "pip-run (>=8.8)", "pytest (>=6)", "pytest-black (>=0.3.7)", "pytest-checkdocs (>=2.4)", "pytest-cov", "pytest-enabler (>=1.3)", "pytest-flake8", "pytest-mypy (>=0.9.1)", "pytest-perf", "pytest-timeout", "pytest-xdist", "tomli-w (>=1.0.0)", "virtualenv (>=13.0.0)", "wheel"]
testing-integration = ["build[virtualenv]", "filelock (>=3.4.0)", "jaraco.envs (>=2.2)", "jaraco.path (>=3.2.0)", "pytest", "pytest-enabler", "pytest-xdist", "tomli", "virtualenv (>=13.0.0)", "wheel"]

[[package]]
name = "shellingham"
version = "1.4.0"
description = "Tool to Detect Surrounding Shell"
optional = false
python-versions = "!=3.0,!=3.1,!=3.2,!=3.3,>=2.6"
files = [
    {file = "shellingham-1.4.0-py2.py3-none-any.whl", hash = "sha256:536b67a0697f2e4af32ab176c00a50ac2899c5a05e0d8e2dadac8e58888283f9"},
    {file = "shellingham-1.4.0.tar.gz", hash = "sha256:4855c2458d6904829bd34c299f11fdeed7cfefbf8a2c522e4caea6cd76b3171e"},
]

[[package]]
name = "six"
version = "1.16.0"
description = "Python 2 and 3 compatibility utilities"
optional = false
python-versions = ">=2.7, !=3.0.*, !=3.1.*, !=3.2.*"
files = [
    {file = "six-1.16.0-py2.py3-none-any.whl", hash = "sha256:8abb2f1d86890a2dfb989f9a77cfcfd3e47c2a354b01111771326f8aa26e0254"},
    {file = "six-1.16.0.tar.gz", hash = "sha256:1e61c37477a1626458e36f7b1d82aa5c9b094fa4802892072e49de9c60c4c926"},
]

[[package]]
name = "thefuzz"
version = "0.19.0"
description = "Fuzzy string matching in python"
optional = false
python-versions = "*"
files = [
    {file = "thefuzz-0.19.0-py2.py3-none-any.whl", hash = "sha256:4fcdde8e40f5ca5e8106bc7665181f9598a9c8b18b0a4d38c41a095ba6788972"},
    {file = "thefuzz-0.19.0.tar.gz", hash = "sha256:6f7126db2f2c8a54212b05e3a740e45f4291c497d75d20751728f635bb74aa3d"},
]

[package.dependencies]
python-levenshtein = {version = ">=0.12", optional = true, markers = "extra == \"speedup\""}

[package.extras]
speedup = ["python-levenshtein (>=0.12)"]

[[package]]
name = "toml"
version = "0.10.2"
description = "Python Library for Tom's Obvious, Minimal Language"
optional = false
python-versions = ">=2.6, !=3.0.*, !=3.1.*, !=3.2.*"
files = [
    {file = "toml-0.10.2-py2.py3-none-any.whl", hash = "sha256:806143ae5bfb6a3c6e736a764057db0e6a0e05e338b5630894a5f779cabb4f9b"},
    {file = "toml-0.10.2.tar.gz", hash = "sha256:b3bda1d108d5dd99f4a20d24d9c348e91c4db7ab1b749200bded2f839ccbe68f"},
]

[[package]]
name = "tomli"
version = "2.0.1"
description = "A lil' TOML parser"
optional = false
python-versions = ">=3.7"
files = [
    {file = "tomli-2.0.1-py3-none-any.whl", hash = "sha256:939de3e7a6161af0c887ef91b7d41a53e7c5a1ca976325f429cb46ea9bc30ecc"},
    {file = "tomli-2.0.1.tar.gz", hash = "sha256:de526c12914f0c550d15924c62d72abc48d6fe7364aa87328337a31007fe8a4f"},
]

[[package]]
name = "typer"
version = "0.6.1"
description = "Typer, build great CLIs. Easy to code. Based on Python type hints."
optional = false
python-versions = ">=3.6"
files = [
    {file = "typer-0.6.1-py3-none-any.whl", hash = "sha256:54b19e5df18654070a82f8c2aa1da456a4ac16a2a83e6dcd9f170e291c56338e"},
    {file = "typer-0.6.1.tar.gz", hash = "sha256:2d5720a5e63f73eaf31edaa15f6ab87f35f0690f8ca233017d7d23d743a91d73"},
]

[package.dependencies]
click = ">=7.1.1,<9.0.0"
colorama = {version = ">=0.4.3,<0.5.0", optional = true, markers = "extra == \"all\""}
rich = {version = ">=10.11.0,<13.0.0", optional = true, markers = "extra == \"all\""}
shellingham = {version = ">=1.3.0,<2.0.0", optional = true, markers = "extra == \"all\""}

[package.extras]
all = ["colorama (>=0.4.3,<0.5.0)", "rich (>=10.11.0,<13.0.0)", "shellingham (>=1.3.0,<2.0.0)"]
dev = ["autoflake (>=1.3.1,<2.0.0)", "flake8 (>=3.8.3,<4.0.0)", "pre-commit (>=2.17.0,<3.0.0)"]
doc = ["mdx-include (>=1.4.1,<2.0.0)", "mkdocs (>=1.1.2,<2.0.0)", "mkdocs-material (>=8.1.4,<9.0.0)"]
test = ["black (>=22.3.0,<23.0.0)", "coverage (>=5.2,<6.0)", "isort (>=5.0.6,<6.0.0)", "mypy (==0.910)", "pytest (>=4.4.0,<5.4.0)", "pytest-cov (>=2.10.0,<3.0.0)", "pytest-sugar (>=0.9.4,<0.10.0)", "pytest-xdist (>=1.32.0,<2.0.0)", "rich (>=10.11.0,<13.0.0)", "shellingham (>=1.3.0,<2.0.0)"]

[[package]]
name = "urllib3"
version = "1.26.17"
description = "HTTP library with thread-safe connection pooling, file post, and more."
optional = false
python-versions = ">=2.7, !=3.0.*, !=3.1.*, !=3.2.*, !=3.3.*, !=3.4.*, !=3.5.*"
files = [
    {file = "urllib3-1.26.17-py2.py3-none-any.whl", hash = "sha256:94a757d178c9be92ef5539b8840d48dc9cf1b2709c9d6b588232a055c524458b"},
    {file = "urllib3-1.26.17.tar.gz", hash = "sha256:24d6a242c28d29af46c3fae832c36db3bbebcc533dd1bb549172cd739c82df21"},
]

[package.extras]
brotli = ["brotli (==1.0.9)", "brotli (>=1.0.9)", "brotlicffi (>=0.8.0)", "brotlipy (>=0.6.0)"]
secure = ["certifi", "cryptography (>=1.3.4)", "idna (>=2.0.0)", "ipaddress", "pyOpenSSL (>=0.14)", "urllib3-secure-extra"]
socks = ["PySocks (>=1.5.6,!=1.5.7,<2.0)"]

[metadata]
lock-version = "2.0"
python-versions = "^3.9"
content-hash = "403807b5b6b67d28e89b989e72c404c73f29e34d0ba3c183740089c41b833c60"
